<?xml version="1.0" encoding="utf-8"?>
<Project ToolsVersion="14.0" xmlns="http://schemas.microsoft.com/developer/msbuild/2003">
  <ItemGroup>
    <Filter Include="Common">
      <UniqueIdentifier>411f9f07-cc91-4940-8ea7-ce4622ef53bc</UniqueIdentifier>
    </Filter>
    <Filter Include="Assets">
      <UniqueIdentifier>823ace23-fe9b-4add-992f-8350caea5a72</UniqueIdentifier>
      <Extensions>bmp;fbx;gif;jpg;jpeg;tga;tiff;tif;png</Extensions>
    </Filter>
    <Image Include="Assets\Logo.scale-100.png">
      <Filter>Assets</Filter>
    </Image>
    <Image Include="Assets\SmallLogo.scale-100.png">
      <Filter>Assets</Filter>
    </Image>
    <Image Include="Assets\StoreLogo.scale-100.png">
      <Filter>Assets</Filter>
    </Image>
    <Image Include="Assets\SplashScreen.scale-100.png">
      <Filter>Assets</Filter>
    </Image>
    <Image Include="Assets\WideLogo.scale-100.png">
      <Filter>Assets</Filter>
    </Image>
    <Filter Include="alljoyn-js">
      <UniqueIdentifier>{e4ecb9de-1135-4ee2-bb71-c0ddbf2b9117}</UniqueIdentifier>
    </Filter>
    <Filter Include="alljoyn-js\win32">
      <UniqueIdentifier>{19f3b71f-b7d2-4bcc-92a9-be0b04f18e31}</UniqueIdentifier>
    </Filter>
    <Filter Include="alljoyn-js\win32\io">
      <UniqueIdentifier>{de1b5bb0-6792-446d-8f63-27947895910e}</UniqueIdentifier>
    </Filter>
    <Filter Include="base_tcl">
      <UniqueIdentifier>{d714999c-3372-424e-b0f4-04b6c12638b3}</UniqueIdentifier>
    </Filter>
    <Filter Include="base_tcl\services_common">
      <UniqueIdentifier>{28968be4-c040-4ee7-9ea7-9fc93c8fce2b}</UniqueIdentifier>
    </Filter>
    <Filter Include="base_tcl\services_common\src">
      <UniqueIdentifier>{7865adb9-7fdd-4fcb-858f-628821c79606}</UniqueIdentifier>
    </Filter>
    <Filter Include="base_tcl\notification">
      <UniqueIdentifier>{46752df4-ae28-4f6e-ae01-9f7fdc285151}</UniqueIdentifier>
    </Filter>
    <Filter Include="base_tcl\notification\src">
      <UniqueIdentifier>{92497766-22f5-49cf-ac10-682d121b9aff}</UniqueIdentifier>
    </Filter>
    <Filter Include="base_tcl\notification\src\NotificationCommon">
      <UniqueIdentifier>{a602d82f-c7a6-40d2-8925-8bd31d9c75a3}</UniqueIdentifier>
    </Filter>
    <Filter Include="base_tcl\notification\src\NotificationProducer">
      <UniqueIdentifier>{4e563520-79e3-4fbf-9b31-2de0304113fd}</UniqueIdentifier>
    </Filter>
    <Filter Include="base_tcl\config">
      <UniqueIdentifier>{8faf8f8f-af36-4736-9bf8-5badfc89fde5}</UniqueIdentifier>
    </Filter>
    <Filter Include="base_tcl\config\src">
      <UniqueIdentifier>{ed8abf9b-f337-4ba5-8492-b7cb95424b20}</UniqueIdentifier>
    </Filter>
    <Filter Include="base_tcl\contropanel">
      <UniqueIdentifier>{fe70f9ed-0b5b-4612-a1f6-2c1264ca64d0}</UniqueIdentifier>
    </Filter>
    <Filter Include="base_tcl\contropanel\src">
      <UniqueIdentifier>{202afca0-4ce4-4fb7-a4bc-87590b5c91bf}</UniqueIdentifier>
    </Filter>
    <Filter Include="base_tcl\contropanel\src\CPSControllee">
      <UniqueIdentifier>{3ac57484-4f89-4161-8f7d-5b3d5bf24875}</UniqueIdentifier>
    </Filter>
    <Filter Include="base_tcl\contropanel\src\CPSControllee\Common">
      <UniqueIdentifier>{e6a9a2a6-e62d-4018-8987-25d81ea44aa9}</UniqueIdentifier>
    </Filter>
    <Filter Include="base_tcl\contropanel\src\CPSControllee\Widgets">
      <UniqueIdentifier>{1291cc62-b7a8-403f-8aa3-485ed25c8ed7}</UniqueIdentifier>
    </Filter>
    <Filter Include="duktape">
      <UniqueIdentifier>{2993ccb3-e4d6-4ff1-a0f0-16d43cfcd96e}</UniqueIdentifier>
    </Filter>
    <Filter Include="duktape\src">
      <UniqueIdentifier>{aa89c570-365d-47bb-b785-56fe87be3a70}</UniqueIdentifier>
    </Filter>
  </ItemGroup>
  <ItemGroup>
    <ClCompile Include="..\..\External\alljoyn-js\ajs.c">
      <Filter>alljoyn-js</Filter>
    </ClCompile>
    <ClCompile Include="..\..\External\alljoyn-js\ajs_attach.c">
      <Filter>alljoyn-js</Filter>
    </ClCompile>
    <ClCompile Include="..\..\External\alljoyn-js\ajs_cmdline.c">
      <Filter>alljoyn-js</Filter>
    </ClCompile>
    <ClCompile Include="..\..\External\alljoyn-js\ajs_console.c">
      <Filter>alljoyn-js</Filter>
    </ClCompile>
    <ClCompile Include="..\..\External\alljoyn-js\ajs_cps.c">
      <Filter>alljoyn-js</Filter>
    </ClCompile>
    <ClCompile Include="..\..\External\alljoyn-js\ajs_ctrlpanel.c">
      <Filter>alljoyn-js</Filter>
    </ClCompile>
    <ClCompile Include="..\..\External\alljoyn-js\ajs_debugger.c">
      <Filter>alljoyn-js</Filter>
    </ClCompile>
    <ClCompile Include="..\..\External\alljoyn-js\ajs_extstr.c">
      <Filter>alljoyn-js</Filter>
    </ClCompile>
    <ClCompile Include="..\..\External\alljoyn-js\ajs_handlers.c">
      <Filter>alljoyn-js</Filter>
    </ClCompile>
    <ClCompile Include="..\..\External\alljoyn-js\ajs_heap.c">
      <Filter>alljoyn-js</Filter>
    </ClCompile>
    <ClCompile Include="..\..\External\alljoyn-js\ajs_io.c">
      <Filter>alljoyn-js</Filter>
    </ClCompile>
    <ClCompile Include="..\..\External\alljoyn-js\ajs_marshal.c">
      <Filter>alljoyn-js</Filter>
    </ClCompile>
    <ClCompile Include="..\..\External\alljoyn-js\ajs_msgloop.c">
      <Filter>alljoyn-js</Filter>
    </ClCompile>
    <ClCompile Include="..\..\External\alljoyn-js\ajs_notif.c">
      <Filter>alljoyn-js</Filter>
    </ClCompile>
    <ClCompile Include="..\..\External\alljoyn-js\ajs_obs_stubs.c">
      <Filter>alljoyn-js</Filter>
    </ClCompile>
    <ClCompile Include="..\..\External\alljoyn-js\ajs_propstore.c">
      <Filter>alljoyn-js</Filter>
    </ClCompile>
    <ClCompile Include="..\..\External\alljoyn-js\ajs_services.c">
      <Filter>alljoyn-js</Filter>
    </ClCompile>
    <ClCompile Include="..\..\External\alljoyn-js\ajs_sessions.c">
      <Filter>alljoyn-js</Filter>
    </ClCompile>
    <ClCompile Include="..\..\External\alljoyn-js\ajs_tables.c">
      <Filter>alljoyn-js</Filter>
    </ClCompile>
    <ClCompile Include="..\..\External\alljoyn-js\ajs_timer.c">
      <Filter>alljoyn-js</Filter>
    </ClCompile>
    <ClCompile Include="..\..\External\alljoyn-js\ajs_translations.c">
      <Filter>alljoyn-js</Filter>
    </ClCompile>
    <ClCompile Include="..\..\External\alljoyn-js\ajs_unmarshal.c">
      <Filter>alljoyn-js</Filter>
    </ClCompile>
    <ClCompile Include="..\..\External\alljoyn-js\ajs_util.c">
      <Filter>alljoyn-js</Filter>
    </ClCompile>
    <ClCompile Include="..\..\External\alljoyn-js\win32\ajs_main.c">
      <Filter>alljoyn-js\win32</Filter>
    </ClCompile>
    <ClCompile Include="..\..\External\alljoyn-js\win32\ajs_malloc.c">
      <Filter>alljoyn-js\win32</Filter>
    </ClCompile>
    <ClCompile Include="..\..\External\alljoyn-js\win32\io\io_info.c">
      <Filter>alljoyn-js\win32\io</Filter>
    </ClCompile>
    <ClCompile Include="..\..\External\alljoyn-js\win32\io\io_simulation.c">
      <Filter>alljoyn-js\win32\io</Filter>
    </ClCompile>
    <ClCompile Include="..\..\External\alljoyn-js\win32\io\io_stubs.c">
      <Filter>alljoyn-js\win32\io</Filter>
    </ClCompile>
    <ClCompile Include="..\..\External\base_tcl\services_common\src\ServicesCommon.c">
      <Filter>base_tcl\services_common\src</Filter>
    </ClCompile>
    <ClCompile Include="..\..\External\base_tcl\services_common\src\ServicesHandlers.c">
      <Filter>base_tcl\services_common\src</Filter>
    </ClCompile>
    <ClCompile Include="..\..\External\base_tcl\notification\src\NotificationCommon\NotificationCommon.c">
      <Filter>base_tcl\notification\src\NotificationCommon</Filter>
    </ClCompile>
    <ClCompile Include="..\..\External\base_tcl\notification\src\NotificationProducer\NotificationProducer.c">
      <Filter>base_tcl\notification\src\NotificationProducer</Filter>
    </ClCompile>
    <ClCompile Include="..\..\External\base_tcl\config\src\ConfigService.c">
      <Filter>base_tcl\config\src</Filter>
    </ClCompile>
    <ClCompile Include="..\..\External\base_tcl\controlpanel\src\CPSControllee\ControlPanelInterfaces.c">
      <Filter>base_tcl\contropanel\src\CPSControllee</Filter>
    </ClCompile>
    <ClCompile Include="..\..\External\base_tcl\controlpanel\src\CPSControllee\ControlPanelService.c">
      <Filter>base_tcl\contropanel\src\CPSControllee</Filter>
    </ClCompile>
    <ClCompile Include="..\..\External\base_tcl\controlpanel\src\CPSControllee\Common\BaseWidget.c">
      <Filter>base_tcl\contropanel\src\CPSControllee\Common</Filter>
    </ClCompile>
    <ClCompile Include="..\..\External\base_tcl\controlpanel\src\CPSControllee\Common\ConstraintList.c">
      <Filter>base_tcl\contropanel\src\CPSControllee\Common</Filter>
    </ClCompile>
    <ClCompile Include="..\..\External\base_tcl\controlpanel\src\CPSControllee\Common\ConstraintRange.c">
      <Filter>base_tcl\contropanel\src\CPSControllee\Common</Filter>
    </ClCompile>
    <ClCompile Include="..\..\External\base_tcl\controlpanel\src\CPSControllee\Common\ControlMarshalUtil.c">
      <Filter>base_tcl\contropanel\src\CPSControllee\Common</Filter>
    </ClCompile>
    <ClCompile Include="..\..\External\base_tcl\controlpanel\src\CPSControllee\Common\DateTimeUtil.c">
      <Filter>base_tcl\contropanel\src\CPSControllee\Common</Filter>
    </ClCompile>
    <ClCompile Include="..\..\External\base_tcl\controlpanel\src\CPSControllee\Common\HttpControl.c">
      <Filter>base_tcl\contropanel\src\CPSControllee\Common</Filter>
    </ClCompile>
    <ClCompile Include="..\..\External\base_tcl\controlpanel\src\CPSControllee\Widgets\ActionWidget.c">
      <Filter>base_tcl\contropanel\src\CPSControllee\Widgets</Filter>
    </ClCompile>
    <ClCompile Include="..\..\External\base_tcl\controlpanel\src\CPSControllee\Widgets\ContainerWidget.c">
      <Filter>base_tcl\contropanel\src\CPSControllee\Widgets</Filter>
    </ClCompile>
    <ClCompile Include="..\..\External\base_tcl\controlpanel\src\CPSControllee\Widgets\DialogWidget.c">
      <Filter>base_tcl\contropanel\src\CPSControllee\Widgets</Filter>
    </ClCompile>
    <ClCompile Include="..\..\External\base_tcl\controlpanel\src\CPSControllee\Widgets\LabelWidget.c">
      <Filter>base_tcl\contropanel\src\CPSControllee\Widgets</Filter>
    </ClCompile>
    <ClCompile Include="..\..\External\base_tcl\controlpanel\src\CPSControllee\Widgets\PropertyWidget.c">
      <Filter>base_tcl\contropanel\src\CPSControllee\Widgets</Filter>
    </ClCompile>
    <ClCompile Include="..\..\External\duktape\src\duktape.c">
      <Filter>duktape\src</Filter>
    </ClCompile>
    <ClCompile Include="StartupTask.cpp" />
    <ClCompile Include="CmdQueue.cpp" />
  </ItemGroup>
  <ItemGroup>
    <ClInclude Include="..\..\External\alljoyn-js\ajs.h">
      <Filter>alljoyn-js</Filter>
    </ClInclude>
    <ClInclude Include="..\..\External\alljoyn-js\ajs_cmdline.h">
      <Filter>alljoyn-js</Filter>
    </ClInclude>
    <ClInclude Include="..\..\External\alljoyn-js\ajs_ctrlpanel.h">
      <Filter>alljoyn-js</Filter>
    </ClInclude>
    <ClInclude Include="..\..\External\alljoyn-js\ajs_debugger.h">
      <Filter>alljoyn-js</Filter>
    </ClInclude>
    <ClInclude Include="..\..\External\alljoyn-js\ajs_duk.h">
      <Filter>alljoyn-js</Filter>
    </ClInclude>
    <ClInclude Include="..\..\External\alljoyn-js\ajs_heap.h">
      <Filter>alljoyn-js</Filter>
    </ClInclude>
    <ClInclude Include="..\..\External\alljoyn-js\ajs_io.h">
      <Filter>alljoyn-js</Filter>
    </ClInclude>
    <ClInclude Include="..\..\External\alljoyn-js\ajs_propstore.h">
      <Filter>alljoyn-js</Filter>
    </ClInclude>
    <ClInclude Include="..\..\External\alljoyn-js\ajs_services.h">
      <Filter>alljoyn-js</Filter>
    </ClInclude>
    <ClInclude Include="..\..\External\alljoyn-js\ajs_target.h">
      <Filter>alljoyn-js</Filter>
    </ClInclude>
    <ClInclude Include="..\..\External\alljoyn-js\ajs_translations.h">
      <Filter>alljoyn-js</Filter>
    </ClInclude>
    <ClInclude Include="..\..\External\alljoyn-js\ajs_util.h">
      <Filter>alljoyn-js</Filter>
    </ClInclude>
    <ClInclude Include="..\..\External\alljoyn-js\win32\duk_custom.h">
      <Filter>alljoyn-js\win32</Filter>
    </ClInclude>
    <ClInclude Include="..\..\External\duktape\src\duktape.h">
      <Filter>duktape\src</Filter>
    </ClInclude>
    <ClInclude Include="StartupTask.h" />
    <ClInclude Include="CmdQueue.h" />
  </ItemGroup>
  <ItemGroup>
    <AppxManifest Include="Package.appxmanifest" />
  </ItemGroup>
</Project>